
Microsoft Visual Studio Solution File, Format Version 12.00
# Visual Studio Version 17
VisualStudioVersion = 17.0.32112.339
MinimumVisualStudioVersion = 10.0.40219.1
Project("{FAE04EC0-301F-11D3-BF4B-00C04F79EFBC}") = "Exercicio1.ConsoleApp", "Exercicio1.ConsoleApp\Exercicio1.ConsoleApp.csproj", "{D62BB31A-640A-445B-A0AE-49632E3747C6}"
EndProject
Project("{FAE04EC0-301F-11D3-BF4B-00C04F79EFBC}") = "Exercicio2.ConsoleApp", "Exercicio2.ConsoleApp\Exercicio2.ConsoleApp.csproj", "{54A2EB35-1E02-4705-9869-ECDEC4417795}"
EndProject
Project("{FAE04EC0-301F-11D3-BF4B-00C04F79EFBC}") = "Exercicio3.ConsoleApp", "Exercicio3.ConsoleApp\Exercicio3.ConsoleApp.csproj", "{0DD9C6A4-0E24-4028-B2A2-802FEA8942DE}"
EndProject
Project("{FAE04EC0-301F-11D3-BF4B-00C04F79EFBC}") = "Exercicio4.ConsoleApp", "Exercicio4.ConsoleApp\Exercicio4.ConsoleApp.csproj", "{354A1B86-E7DE-4AD2-8F00-5FED93C35752}"
EndProject
Project("{FAE04EC0-301F-11D3-BF4B-00C04F79EFBC}") = "Exercicio5.ConsoleApp", "Exercicio5.ConsoleApp\Exercicio5.ConsoleApp.csproj", "{D8CFCDD7-E7D4-43A8-8935-F319124DD529}"
EndProject
Global
	GlobalSection(SolutionConfigurationPlatforms) = preSolution
		Debug|Any CPU = Debug|Any CPU
		Release|Any CPU = Release|Any CPU
	EndGlobalSection
	GlobalSection(ProjectConfigurationPlatforms) = postSolution
		{D62BB31A-640A-445B-A0AE-49632E3747C6}.Debug|Any CPU.ActiveCfg = Debug|Any CPU
		{D62BB31A-640A-445B-A0AE-49632E3747C6}.Debug|Any CPU.Build.0 = Debug|Any CPU
		{D62BB31A-640A-445B-A0AE-49632E3747C6}.Release|Any CPU.ActiveCfg = Release|Any CPU
		{D62BB31A-640A-445B-A0AE-49632E3747C6}.Release|Any CPU.Build.0 = Release|Any CPU
		{54A2EB35-1E02-4705-9869-ECDEC4417795}.Debug|Any CPU.ActiveCfg = Debug|Any CPU
		{54A2EB35-1E02-4705-9869-ECDEC4417795}.Debug|Any CPU.Build.0 = Debug|Any CPU
		{54A2EB35-1E02-4705-9869-ECDEC4417795}.Release|Any CPU.ActiveCfg = Release|Any CPU
		{54A2EB35-1E02-4705-9869-ECDEC4417795}.Release|Any CPU.Build.0 = Release|Any CPU
		{0DD9C6A4-0E24-4028-B2A2-802FEA8942DE}.Debug|Any CPU.ActiveCfg = Debug|Any CPU
		{0DD9C6A4-0E24-4028-B2A2-802FEA8942DE}.Debug|Any CPU.Build.0 = Debug|Any CPU
		{0DD9C6A4-0E24-4028-B2A2-802FEA8942DE}.Release|Any CPU.ActiveCfg = Release|Any CPU
		{0DD9C6A4-0E24-4028-B2A2-802FEA8942DE}.Release|Any CPU.Build.0 = Release|Any CPU
		{354A1B86-E7DE-4AD2-8F00-5FED93C35752}.Debug|Any CPU.ActiveCfg = Debug|Any CPU
		{354A1B86-E7DE-4AD2-8F00-5FED93C35752}.Debug|Any CPU.Build.0 = Debug|Any CPU
		{354A1B86-E7DE-4AD2-8F00-5FED93C35752}.Release|Any CPU.ActiveCfg = Release|Any CPU
		{354A1B86-E7DE-4AD2-8F00-5FED93C35752}.Release|Any CPU.Build.0 = Release|Any CPU
		{D8CFCDD7-E7D4-43A8-8935-F319124DD529}.Debug|Any CPU.ActiveCfg = Debug|Any CPU
		{D8CFCDD7-E7D4-43A8-8935-F319124DD529}.Debug|Any CPU.Build.0 = Debug|Any CPU
		{D8CFCDD7-E7D4-43A8-8935-F319124DD529}.Release|Any CPU.ActiveCfg = Release|Any CPU
		{D8CFCDD7-E7D4-43A8-8935-F319124DD529}.Release|Any CPU.Build.0 = Release|Any CPU
	EndGlobalSection
	GlobalSection(SolutionProperties) = preSolution
		HideSolutionNode = FALSE
	EndGlobalSection
	GlobalSection(ExtensibilityGlobals) = postSolution
		SolutionGuid = {B2B66FB9-81CF-4CF0-9032-09AAA5735678}
	EndGlobalSection
EndGlobal
